
Microsoft Visual Studio Solution File, Format Version 12.00
Project("{FAE04EC0-301F-11D3-BF4B-00C04F79EFBC}") = "API", "API\API.csproj", "{369D0C47-4A6B-40B5-B76D-8E8EB2BFA648}"
EndProject
Project("{FAE04EC0-301F-11D3-BF4B-00C04F79EFBC}") = "Client", "Client\Client.csproj", "{D17ED64F-2B9B-459C-ADB7-4A03F1A1FB7D}"
EndProject
Global
	GlobalSection(SolutionConfigurationPlatforms) = preSolution
		Debug|Any CPU = Debug|Any CPU
		Release|Any CPU = Release|Any CPU
	EndGlobalSection
	GlobalSection(ProjectConfigurationPlatforms) = postSolution
		{369D0C47-4A6B-40B5-B76D-8E8EB2BFA648}.Debug|Any CPU.ActiveCfg = Debug|Any CPU
		{369D0C47-4A6B-40B5-B76D-8E8EB2BFA648}.Debug|Any CPU.Build.0 = Debug|Any CPU
		{369D0C47-4A6B-40B5-B76D-8E8EB2BFA648}.Release|Any CPU.ActiveCfg = Release|Any CPU
		{369D0C47-4A6B-40B5-B76D-8E8EB2BFA648}.Release|Any CPU.Build.0 = Release|Any CPU
		{D17ED64F-2B9B-459C-ADB7-4A03F1A1FB7D}.Debug|Any CPU.ActiveCfg = Debug|Any CPU
		{D17ED64F-2B9B-459C-ADB7-4A03F1A1FB7D}.Debug|Any CPU.Build.0 = Debug|Any CPU
		{D17ED64F-2B9B-459C-ADB7-4A03F1A1FB7D}.Release|Any CPU.ActiveCfg = Release|Any CPU
		{D17ED64F-2B9B-459C-ADB7-4A03F1A1FB7D}.Release|Any CPU.Build.0 = Release|Any CPU
	EndGlobalSection
EndGlobal
